Microsoft Visual Studio Solution File, Format Version 12.00
# Visual Studio Version 17
VisualStudioVersion = 17.5.2.0
MinimumVisualStudioVersion = 10.0.40219.1
Project("{FAE04EC0-301F-11D3-BF4B-00C04F79EFBC}") = "LongNumerics_RSA", "LongNumerics_RSA.csproj", "{1BA63334-C0F8-BB45-EA56-F3363E45F937}"
EndProject
Global
	GlobalSection(SolutionConfigurationPlatforms) = preSolution
		Debug|Any CPU = Debug|Any CPU
		Release|Any CPU = Release|Any CPU
	EndGlobalSection
	GlobalSection(ProjectConfigurationPlatforms) = postSolution
		{1BA63334-C0F8-BB45-EA56-F3363E45F937}.Debug|Any CPU.ActiveCfg = Debug|Any CPU
		{1BA63334-C0F8-BB45-EA56-F3363E45F937}.Debug|Any CPU.Build.0 = Debug|Any CPU
		{1BA63334-C0F8-BB45-EA56-F3363E45F937}.Release|Any CPU.ActiveCfg = Release|Any CPU
		{1BA63334-C0F8-BB45-EA56-F3363E45F937}.Release|Any CPU.Build.0 = Release|Any CPU
	EndGlobalSection
	GlobalSection(SolutionProperties) = preSolution
		HideSolutionNode = FALSE
	EndGlobalSection
	GlobalSection(ExtensibilityGlobals) = postSolution
		SolutionGuid = {6A3C158F-AE0D-484C-BFFD-D59FF602B4A3}
	EndGlobalSection
EndGlobal
